// !$*UTF8*$!
{
	archiveVersion = 1;
	classes = {
	};
	objectVersion = 45;
	objects = {

/* Begin PBXBuildFile section */
		3B95C085170E20A9008246E7 /* FKNewtypeArcTests.m in Sources */ = {isa = PBXBuildFile; fileRef = 3B95C083170E2043008246E7 /* FKNewtypeArcTests.m */; settings = {COMPILER_FLAGS = "-fobjc-arc"; }; };
		4720886111D951E600045928 /* FKEffect.m in Sources */ = {isa = PBXBuildFile; fileRef = 47C21188117B2C7100E28F4B /* FKEffect.m */; };
		4720886211D951E700045928 /* FKP2.m in Sources */ = {isa = PBXBuildFile; fileRef = 47C21196117B2C7100E28F4B /* FKP2.m */; };
		4720886311D951E800045928 /* FKP5.m in Sources */ = {isa = PBXBuildFile; fileRef = 47C2119C117B2C7100E28F4B /* FKP5.m */; };
		4720886411D951E800045928 /* NSString+FunctionalKit.m in Sources */ = {isa = PBXBuildFile; fileRef = 47C211B1117B2C7100E28F4B /* NSString+FunctionalKit.m */; };
		4720886511D951E900045928 /* FKP8.m in Sources */ = {isa = PBXBuildFile; fileRef = 47C211A2117B2C7100E28F4B /* FKP8.m */; };
		4720886611D951EB00045928 /* FKFunction.m in Sources */ = {isa = PBXBuildFile; fileRef = 47C2118E117B2C7100E28F4B /* FKFunction.m */; };
		4720886711D951EC00045928 /* FKPromise.m in Sources */ = {isa = PBXBuildFile; fileRef = 47C211A5117B2C7100E28F4B /* FKPromise.m */; };
		4720886811D951EC00045928 /* FKFunction+Common.m in Sources */ = {isa = PBXBuildFile; fileRef = 47C2118C117B2C7100E28F4B /* FKFunction+Common.m */; };
		4720886A11D951EF00045928 /* FKP3.m in Sources */ = {isa = PBXBuildFile; fileRef = 47C21198117B2C7100E28F4B /* FKP3.m */; };
		4720886B11D951F000045928 /* FKP6.m in Sources */ = {isa = PBXBuildFile; fileRef = 47C2119E117B2C7100E28F4B /* FKP6.m */; };
		4720886C11D951F000045928 /* FKEither.m in Sources */ = {isa = PBXBuildFile; fileRef = 47C2118A117B2C7100E28F4B /* FKEither.m */; };
		4720886D11D951F100045928 /* NSArray+FunctionalKit.m in Sources */ = {isa = PBXBuildFile; fileRef = 47C211A9117B2C7100E28F4B /* NSArray+FunctionalKit.m */; };
		4720886E11D951F300045928 /* NSObject+FunctionalKit.m in Sources */ = {isa = PBXBuildFile; fileRef = 47C211AF117B2C7100E28F4B /* NSObject+FunctionalKit.m */; };
		4720886F11D951F400045928 /* FKOption.m in Sources */ = {isa = PBXBuildFile; fileRef = 47C21192117B2C7100E28F4B /* FKOption.m */; };
		4720887011D951F500045928 /* FKUnit.m in Sources */ = {isa = PBXBuildFile; fileRef = 47C211A7117B2C7100E28F4B /* FKUnit.m */; };
		4720887111D951F700045928 /* FKP1.m in Sources */ = {isa = PBXBuildFile; fileRef = 47C21194117B2C7100E28F4B /* FKP1.m */; };
		4720887211D951F800045928 /* NSInvocation+FunctionalKit.m in Sources */ = {isa = PBXBuildFile; fileRef = 47C211AD117B2C7100E28F4B /* NSInvocation+FunctionalKit.m */; };
		4720887311D951F900045928 /* FKP7.m in Sources */ = {isa = PBXBuildFile; fileRef = 47C211A0117B2C7100E28F4B /* FKP7.m */; };
		4720887411D951FA00045928 /* FKP4.m in Sources */ = {isa = PBXBuildFile; fileRef = 47C2119A117B2C7100E28F4B /* FKP4.m */; };
		4720887511D951FD00045928 /* NSDictionary+FunctionalKit.m in Sources */ = {isa = PBXBuildFile; fileRef = 47C211AB117B2C7100E28F4B /* NSDictionary+FunctionalKit.m */; };
		4720887F11D9525400045928 /* FKFunctionCommonTests.m in Sources */ = {isa = PBXBuildFile; fileRef = 47C211FB117B2C8A00E28F4B /* FKFunctionCommonTests.m */; };
		472088B811D9571200045928 /* FKNewtypeTests.m in Sources */ = {isa = PBXBuildFile; fileRef = 47C211FD117B2C8A00E28F4B /* FKNewtypeTests.m */; };
		472088B911D9571600045928 /* NSArrayExtensionsUnitTest.m in Sources */ = {isa = PBXBuildFile; fileRef = 47C211F9117B2C8A00E28F4B /* NSArrayExtensionsUnitTest.m */; };
		472088BA11D9571700045928 /* FKFunctionTests.m in Sources */ = {isa = PBXBuildFile; fileRef = 47C211FC117B2C8A00E28F4B /* FKFunctionTests.m */; };
		472088BB11D9571700045928 /* SupplierP1Test.m in Sources */ = {isa = PBXBuildFile; fileRef = 47C211F7117B2C8A00E28F4B /* SupplierP1Test.m */; };
		472088BC11D9571800045928 /* FKEitherUnitTest.m in Sources */ = {isa = PBXBuildFile; fileRef = 47C211F5117B2C8A00E28F4B /* FKEitherUnitTest.m */; };
		472088BD11D9571900045928 /* NSDictionaryExtensionsUnitTest.m in Sources */ = {isa = PBXBuildFile; fileRef = 47C211FA117B2C8A00E28F4B /* NSDictionaryExtensionsUnitTest.m */; };
		472088BE11D9571A00045928 /* FKOptionUnitTest.m in Sources */ = {isa = PBXBuildFile; fileRef = 47C211F6117B2C8A00E28F4B /* FKOptionUnitTest.m */; };
		479C88B6118FA7BD00C91ED4 /* Prefix.pch in Headers */ = {isa = PBXBuildFile; fileRef = 479C88B5118FA7BD00C91ED4 /* Prefix.pch */; };
		47C211C7117B2C7100E28F4B /* FKEffect.h in Headers */ = {isa = PBXBuildFile; fileRef = 47C21187117B2C7100E28F4B /* FKEffect.h */; };
		47C211C8117B2C7100E28F4B /* FKEffect.m in Sources */ = {isa = PBXBuildFile; fileRef = 47C21188117B2C7100E28F4B /* FKEffect.m */; };
		47C211C9117B2C7100E28F4B /* FKEither.h in Headers */ = {isa = PBXBuildFile; fileRef = 47C21189117B2C7100E28F4B /* FKEither.h */; };
		47C211CA117B2C7100E28F4B /* FKEither.m in Sources */ = {isa = PBXBuildFile; fileRef = 47C2118A117B2C7100E28F4B /* FKEither.m */; };
		47C211CB117B2C7100E28F4B /* FKFunction+Common.h in Headers */ = {isa = PBXBuildFile; fileRef = 47C2118B117B2C7100E28F4B /* FKFunction+Common.h */; };
		47C211CC117B2C7100E28F4B /* FKFunction+Common.m in Sources */ = {isa = PBXBuildFile; fileRef = 47C2118C117B2C7100E28F4B /* FKFunction+Common.m */; };
		47C211CD117B2C7100E28F4B /* FKFunction.h in Headers */ = {isa = PBXBuildFile; fileRef = 47C2118D117B2C7100E28F4B /* FKFunction.h */; };
		47C211CE117B2C7100E28F4B /* FKFunction.m in Sources */ = {isa = PBXBuildFile; fileRef = 47C2118E117B2C7100E28F4B /* FKFunction.m */; };
		47C211CF117B2C7100E28F4B /* FKMacros.h in Headers */ = {isa = PBXBuildFile; fileRef = 47C2118F117B2C7100E28F4B /* FKMacros.h */; };
		47C211D0117B2C7100E28F4B /* FKNewtype.h in Headers */ = {isa = PBXBuildFile; fileRef = 47C21190117B2C7100E28F4B /* FKNewtype.h */; };
		47C211D1117B2C7100E28F4B /* FKOption.h in Headers */ = {isa = PBXBuildFile; fileRef = 47C21191117B2C7100E28F4B /* FKOption.h */; };
		47C211D2117B2C7100E28F4B /* FKOption.m in Sources */ = {isa = PBXBuildFile; fileRef = 47C21192117B2C7100E28F4B /* FKOption.m */; };
		47C211D3117B2C7100E28F4B /* FKP1.h in Headers */ = {isa = PBXBuildFile; fileRef = 47C21193117B2C7100E28F4B /* FKP1.h */; };
		47C211D4117B2C7100E28F4B /* FKP1.m in Sources */ = {isa = PBXBuildFile; fileRef = 47C21194117B2C7100E28F4B /* FKP1.m */; };
		47C211D5117B2C7100E28F4B /* FKP2.h in Headers */ = {isa = PBXBuildFile; fileRef = 47C21195117B2C7100E28F4B /* FKP2.h */; };
		47C211D6117B2C7100E28F4B /* FKP2.m in Sources */ = {isa = PBXBuildFile; fileRef = 47C21196117B2C7100E28F4B /* FKP2.m */; };
		47C211D7117B2C7100E28F4B /* FKP3.h in Headers */ = {isa = PBXBuildFile; fileRef = 47C21197117B2C7100E28F4B /* FKP3.h */; };
		47C211D8117B2C7100E28F4B /* FKP3.m in Sources */ = {isa = PBXBuildFile; fileRef = 47C21198117B2C7100E28F4B /* FKP3.m */; };
		47C211D9117B2C7100E28F4B /* FKP4.h in Headers */ = {isa = PBXBuildFile; fileRef = 47C21199117B2C7100E28F4B /* FKP4.h */; };
		47C211DA117B2C7100E28F4B /* FKP4.m in Sources */ = {isa = PBXBuildFile; fileRef = 47C2119A117B2C7100E28F4B /* FKP4.m */; };
		47C211DB117B2C7100E28F4B /* FKP5.h in Headers */ = {isa = PBXBuildFile; fileRef = 47C2119B117B2C7100E28F4B /* FKP5.h */; };
		47C211DC117B2C7100E28F4B /* FKP5.m in Sources */ = {isa = PBXBuildFile; fileRef = 47C2119C117B2C7100E28F4B /* FKP5.m */; };
		47C211DD117B2C7100E28F4B /* FKP6.h in Headers */ = {isa = PBXBuildFile; fileRef = 47C2119D117B2C7100E28F4B /* FKP6.h */; };
		47C211DE117B2C7100E28F4B /* FKP6.m in Sources */ = {isa = PBXBuildFile; fileRef = 47C2119E117B2C7100E28F4B /* FKP6.m */; };
		47C211DF117B2C7100E28F4B /* FKP7.h in Headers */ = {isa = PBXBuildFile; fileRef = 47C2119F117B2C7100E28F4B /* FKP7.h */; };
		47C211E0117B2C7100E28F4B /* FKP7.m in Sources */ = {isa = PBXBuildFile; fileRef = 47C211A0117B2C7100E28F4B /* FKP7.m */; };
		47C211E1117B2C7100E28F4B /* FKP8.h in Headers */ = {isa = PBXBuildFile; fileRef = 47C211A1117B2C7100E28F4B /* FKP8.h */; };
		47C211E2117B2C7100E28F4B /* FKP8.m in Sources */ = {isa = PBXBuildFile; fileRef = 47C211A2117B2C7100E28F4B /* FKP8.m */; };
		47C211E3117B2C7100E28F4B /* FKPrelude.h in Headers */ = {isa = PBXBuildFile; fileRef = 47C211A3117B2C7100E28F4B /* FKPrelude.h */; };
		47C211E4117B2C7100E28F4B /* FKPromise.h in Headers */ = {isa = PBXBuildFile; fileRef = 47C211A4117B2C7100E28F4B /* FKPromise.h */; };
		47C211E5117B2C7100E28F4B /* FKPromise.m in Sources */ = {isa = PBXBuildFile; fileRef = 47C211A5117B2C7100E28F4B /* FKPromise.m */; };
		47C211E6117B2C7100E28F4B /* FKUnit.h in Headers */ = {isa = PBXBuildFile; fileRef = 47C211A6117B2C7100E28F4B /* FKUnit.h */; };
		47C211E7117B2C7100E28F4B /* FKUnit.m in Sources */ = {isa = PBXBuildFile; fileRef = 47C211A7117B2C7100E28F4B /* FKUnit.m */; };
		47C211E8117B2C7100E28F4B /* NSArray+FunctionalKit.h in Headers */ = {isa = PBXBuildFile; fileRef = 47C211A8117B2C7100E28F4B /* NSArray+FunctionalKit.h */; };
		47C211E9117B2C7100E28F4B /* NSArray+FunctionalKit.m in Sources */ = {isa = PBXBuildFile; fileRef = 47C211A9117B2C7100E28F4B /* NSArray+FunctionalKit.m */; };
		47C211EA117B2C7100E28F4B /* NSDictionary+FunctionalKit.h in Headers */ = {isa = PBXBuildFile; fileRef = 47C211AA117B2C7100E28F4B /* NSDictionary+FunctionalKit.h */; };
		47C211EB117B2C7100E28F4B /* NSDictionary+FunctionalKit.m in Sources */ = {isa = PBXBuildFile; fileRef = 47C211AB117B2C7100E28F4B /* NSDictionary+FunctionalKit.m */; };
		47C211EC117B2C7100E28F4B /* NSInvocation+FunctionalKit.h in Headers */ = {isa = PBXBuildFile; fileRef = 47C211AC117B2C7100E28F4B /* NSInvocation+FunctionalKit.h */; };
		47C211ED117B2C7100E28F4B /* NSInvocation+FunctionalKit.m in Sources */ = {isa = PBXBuildFile; fileRef = 47C211AD117B2C7100E28F4B /* NSInvocation+FunctionalKit.m */; };
		47C211EE117B2C7100E28F4B /* NSObject+FunctionalKit.h in Headers */ = {isa = PBXBuildFile; fileRef = 47C211AE117B2C7100E28F4B /* NSObject+FunctionalKit.h */; };
		47C211EF117B2C7100E28F4B /* NSObject+FunctionalKit.m in Sources */ = {isa = PBXBuildFile; fileRef = 47C211AF117B2C7100E28F4B /* NSObject+FunctionalKit.m */; };
		47C211F0117B2C7100E28F4B /* NSString+FunctionalKit.h in Headers */ = {isa = PBXBuildFile; fileRef = 47C211B0117B2C7100E28F4B /* NSString+FunctionalKit.h */; };
		47C211F1117B2C7100E28F4B /* NSString+FunctionalKit.m in Sources */ = {isa = PBXBuildFile; fileRef = 47C211B1117B2C7100E28F4B /* NSString+FunctionalKit.m */; };
		E23DBF6D0F4E2817005C8EDA /* UIKit.framework in Frameworks */ = {isa = PBXBuildFile; fileRef = E23DBF6C0F4E2817005C8EDA /* UIKit.framework */; };
/* End PBXBuildFile section */

/* Begin PBXBuildRule section */
		471F3F7B0F732D6E0072B7E8 /* PBXBuildRule */ = {
			isa = PBXBuildRule;
			compilerSpec = com.apple.compilers.proxy.script;
			isEditable = 1;
			outputFiles = (
			);
			script = "";
		};
/* End PBXBuildRule section */

/* Begin PBXFileReference section */
		0867D69BFE84028FC02AAC07 /* Foundation.framework */ = {isa = PBXFileReference; lastKnownFileType = wrapper.framework; name = Foundation.framework; path = /System/Library/Frameworks/Foundation.framework; sourceTree = "<absolute>"; };
		3B95C082170E1F49008246E7 /* FKNewTypeArc.h */ = {isa = PBXFileReference; lastKnownFileType = sourcecode.c.h; path = FKNewTypeArc.h; sourceTree = "<group>"; };
		3B95C083170E2043008246E7 /* FKNewtypeArcTests.m */ = {isa = PBXFileReference; fileEncoding = 4; lastKnownFileType = sourcecode.c.objc; path = FKNewtypeArcTests.m; sourceTree = "<group>"; };
		4720885B11D951C400045928 /* Test.octest */ = {isa = PBXFileReference; explicitFileType = wrapper.cfbundle; includeInIndex = 0; path = Test.octest; sourceTree = BUILT_PRODUCTS_DIR; };
		4720885C11D951C400045928 /* Test-Info.plist */ = {isa = PBXFileReference; lastKnownFileType = text.plist.xml; path = "Test-Info.plist"; sourceTree = "<group>"; };
		479C88B5118FA7BD00C91ED4 /* Prefix.pch */ = {isa = PBXFileReference; fileEncoding = 4; lastKnownFileType = sourcecode.c.h; path = Prefix.pch; sourceTree = "<group>"; };
		47C21187117B2C7100E28F4B /* FKEffect.h */ = {isa = PBXFileReference; fileEncoding = 4; lastKnownFileType = sourcecode.c.h; path = FKEffect.h; sourceTree = "<group>"; };
		47C21188117B2C7100E28F4B /* FKEffect.m */ = {isa = PBXFileReference; fileEncoding = 4; lastKnownFileType = sourcecode.c.objc; path = FKEffect.m; sourceTree = "<group>"; };
		47C21189117B2C7100E28F4B /* FKEither.h */ = {isa = PBXFileReference; fileEncoding = 4; lastKnownFileType = sourcecode.c.h; path = FKEither.h; sourceTree = "<group>"; };
		47C2118A117B2C7100E28F4B /* FKEither.m */ = {isa = PBXFileReference; fileEncoding = 4; lastKnownFileType = sourcecode.c.objc; path = FKEither.m; sourceTree = "<group>"; };
		47C2118B117B2C7100E28F4B /* FKFunction+Common.h */ = {isa = PBXFileReference; fileEncoding = 4; lastKnownFileType = sourcecode.c.h; path = "FKFunction+Common.h"; sourceTree = "<group>"; };
		47C2118C117B2C7100E28F4B /* FKFunction+Common.m */ = {isa = PBXFileReference; fileEncoding = 4; lastKnownFileType = sourcecode.c.objc; path = "FKFunction+Common.m"; sourceTree = "<group>"; };
		47C2118D117B2C7100E28F4B /* FKFunction.h */ = {isa = PBXFileReference; fileEncoding = 4; lastKnownFileType = sourcecode.c.h; path = FKFunction.h; sourceTree = "<group>"; };
		47C2118E117B2C7100E28F4B /* FKFunction.m */ = {isa = PBXFileReference; fileEncoding = 4; lastKnownFileType = sourcecode.c.objc; path = FKFunction.m; sourceTree = "<group>"; };
		47C2118F117B2C7100E28F4B /* FKMacros.h */ = {isa = PBXFileReference; fileEncoding = 4; lastKnownFileType = sourcecode.c.h; path = FKMacros.h; sourceTree = "<group>"; };
		47C21190117B2C7100E28F4B /* FKNewtype.h */ = {isa = PBXFileReference; fileEncoding = 4; lastKnownFileType = sourcecode.c.h; path = FKNewtype.h; sourceTree = "<group>"; };
		47C21191117B2C7100E28F4B /* FKOption.h */ = {isa = PBXFileReference; fileEncoding = 4; lastKnownFileType = sourcecode.c.h; path = FKOption.h; sourceTree = "<group>"; };
		47C21192117B2C7100E28F4B /* FKOption.m */ = {isa = PBXFileReference; fileEncoding = 4; lastKnownFileType = sourcecode.c.objc; path = FKOption.m; sourceTree = "<group>"; };
		47C21193117B2C7100E28F4B /* FKP1.h */ = {isa = PBXFileReference; fileEncoding = 4; lastKnownFileType = sourcecode.c.h; path = FKP1.h; sourceTree = "<group>"; };
		47C21194117B2C7100E28F4B /* FKP1.m */ = {isa = PBXFileReference; fileEncoding = 4; lastKnownFileType = sourcecode.c.objc; path = FKP1.m; sourceTree = "<group>"; };
		47C21195117B2C7100E28F4B /* FKP2.h */ = {isa = PBXFileReference; fileEncoding = 4; lastKnownFileType = sourcecode.c.h; path = FKP2.h; sourceTree = "<group>"; };
		47C21196117B2C7100E28F4B /* FKP2.m */ = {isa = PBXFileReference; fileEncoding = 4; lastKnownFileType = sourcecode.c.objc; path = FKP2.m; sourceTree = "<group>"; };
		47C21197117B2C7100E28F4B /* FKP3.h */ = {isa = PBXFileReference; fileEncoding = 4; lastKnownFileType = sourcecode.c.h; path = FKP3.h; sourceTree = "<group>"; };
		47C21198117B2C7100E28F4B /* FKP3.m */ = {isa = PBXFileReference; fileEncoding = 4; lastKnownFileType = sourcecode.c.objc; path = FKP3.m; sourceTree = "<group>"; };
		47C21199117B2C7100E28F4B /* FKP4.h */ = {isa = PBXFileReference; fileEncoding = 4; lastKnownFileType = sourcecode.c.h; path = FKP4.h; sourceTree = "<group>"; };
		47C2119A117B2C7100E28F4B /* FKP4.m */ = {isa = PBXFileReference; fileEncoding = 4; lastKnownFileType = sourcecode.c.objc; path = FKP4.m; sourceTree = "<group>"; };
		47C2119B117B2C7100E28F4B /* FKP5.h */ = {isa = PBXFileReference; fileEncoding = 4; lastKnownFileType = sourcecode.c.h; path = FKP5.h; sourceTree = "<group>"; };
		47C2119C117B2C7100E28F4B /* FKP5.m */ = {isa = PBXFileReference; fileEncoding = 4; lastKnownFileType = sourcecode.c.objc; path = FKP5.m; sourceTree = "<group>"; };
		47C2119D117B2C7100E28F4B /* FKP6.h */ = {isa = PBXFileReference; fileEncoding = 4; lastKnownFileType = sourcecode.c.h; path = FKP6.h; sourceTree = "<group>"; };
		47C2119E117B2C7100E28F4B /* FKP6.m */ = {isa = PBXFileReference; fileEncoding = 4; lastKnownFileType = sourcecode.c.objc; path = FKP6.m; sourceTree = "<group>"; };
		47C2119F117B2C7100E28F4B /* FKP7.h */ = {isa = PBXFileReference; fileEncoding = 4; lastKnownFileType = sourcecode.c.h; path = FKP7.h; sourceTree = "<group>"; };
		47C211A0117B2C7100E28F4B /* FKP7.m */ = {isa = PBXFileReference; fileEncoding = 4; lastKnownFileType = sourcecode.c.objc; path = FKP7.m; sourceTree = "<group>"; };
		47C211A1117B2C7100E28F4B /* FKP8.h */ = {isa = PBXFileReference; fileEncoding = 4; lastKnownFileType = sourcecode.c.h; path = FKP8.h; sourceTree = "<group>"; };
		47C211A2117B2C7100E28F4B /* FKP8.m */ = {isa = PBXFileReference; fileEncoding = 4; lastKnownFileType = sourcecode.c.objc; path = FKP8.m; sourceTree = "<group>"; };
		47C211A3117B2C7100E28F4B /* FKPrelude.h */ = {isa = PBXFileReference; fileEncoding = 4; lastKnownFileType = sourcecode.c.h; path = FKPrelude.h; sourceTree = "<group>"; };
		47C211A4117B2C7100E28F4B /* FKPromise.h */ = {isa = PBXFileReference; fileEncoding = 4; lastKnownFileType = sourcecode.c.h; path = FKPromise.h; sourceTree = "<group>"; };
		47C211A5117B2C7100E28F4B /* FKPromise.m */ = {isa = PBXFileReference; fileEncoding = 4; lastKnownFileType = sourcecode.c.objc; path = FKPromise.m; sourceTree = "<group>"; };
		47C211A6117B2C7100E28F4B /* FKUnit.h */ = {isa = PBXFileReference; fileEncoding = 4; lastKnownFileType = sourcecode.c.h; path = FKUnit.h; sourceTree = "<group>"; };
		47C211A7117B2C7100E28F4B /* FKUnit.m */ = {isa = PBXFileReference; fileEncoding = 4; lastKnownFileType = sourcecode.c.objc; path = FKUnit.m; sourceTree = "<group>"; };
		47C211A8117B2C7100E28F4B /* NSArray+FunctionalKit.h */ = {isa = PBXFileReference; fileEncoding = 4; lastKnownFileType = sourcecode.c.h; path = "NSArray+FunctionalKit.h"; sourceTree = "<group>"; };
		47C211A9117B2C7100E28F4B /* NSArray+FunctionalKit.m */ = {isa = PBXFileReference; fileEncoding = 4; lastKnownFileType = sourcecode.c.objc; path = "NSArray+FunctionalKit.m"; sourceTree = "<group>"; };
		47C211AA117B2C7100E28F4B /* NSDictionary+FunctionalKit.h */ = {isa = PBXFileReference; fileEncoding = 4; lastKnownFileType = sourcecode.c.h; path = "NSDictionary+FunctionalKit.h"; sourceTree = "<group>"; };
		47C211AB117B2C7100E28F4B /* NSDictionary+FunctionalKit.m */ = {isa = PBXFileReference; fileEncoding = 4; lastKnownFileType = sourcecode.c.objc; path = "NSDictionary+FunctionalKit.m"; sourceTree = "<group>"; };
		47C211AC117B2C7100E28F4B /* NSInvocation+FunctionalKit.h */ = {isa = PBXFileReference; fileEncoding = 4; lastKnownFileType = sourcecode.c.h; path = "NSInvocation+FunctionalKit.h"; sourceTree = "<group>"; };
		47C211AD117B2C7100E28F4B /* NSInvocation+FunctionalKit.m */ = {isa = PBXFileReference; fileEncoding = 4; lastKnownFileType = sourcecode.c.objc; path = "NSInvocation+FunctionalKit.m"; sourceTree = "<group>"; };
		47C211AE117B2C7100E28F4B /* NSObject+FunctionalKit.h */ = {isa = PBXFileReference; fileEncoding = 4; lastKnownFileType = sourcecode.c.h; path = "NSObject+FunctionalKit.h"; sourceTree = "<group>"; };
		47C211AF117B2C7100E28F4B /* NSObject+FunctionalKit.m */ = {isa = PBXFileReference; fileEncoding = 4; lastKnownFileType = sourcecode.c.objc; path = "NSObject+FunctionalKit.m"; sourceTree = "<group>"; };
		47C211B0117B2C7100E28F4B /* NSString+FunctionalKit.h */ = {isa = PBXFileReference; fileEncoding = 4; lastKnownFileType = sourcecode.c.h; path = "NSString+FunctionalKit.h"; sourceTree = "<group>"; };
		47C211B1117B2C7100E28F4B /* NSString+FunctionalKit.m */ = {isa = PBXFileReference; fileEncoding = 4; lastKnownFileType = sourcecode.c.objc; path = "NSString+FunctionalKit.m"; sourceTree = "<group>"; };
		47C211F5117B2C8A00E28F4B /* FKEitherUnitTest.m */ = {isa = PBXFileReference; fileEncoding = 4; lastKnownFileType = sourcecode.c.objc; path = FKEitherUnitTest.m; sourceTree = "<group>"; };
		47C211F6117B2C8A00E28F4B /* FKOptionUnitTest.m */ = {isa = PBXFileReference; fileEncoding = 4; lastKnownFileType = sourcecode.c.objc; path = FKOptionUnitTest.m; sourceTree = "<group>"; };
		47C211F7117B2C8A00E28F4B /* SupplierP1Test.m */ = {isa = PBXFileReference; fileEncoding = 4; lastKnownFileType = sourcecode.c.objc; path = SupplierP1Test.m; sourceTree = "<group>"; };
		47C211F9117B2C8A00E28F4B /* NSArrayExtensionsUnitTest.m */ = {isa = PBXFileReference; fileEncoding = 4; lastKnownFileType = sourcecode.c.objc; path = NSArrayExtensionsUnitTest.m; sourceTree = "<group>"; };
		47C211FA117B2C8A00E28F4B /* NSDictionaryExtensionsUnitTest.m */ = {isa = PBXFileReference; fileEncoding = 4; lastKnownFileType = sourcecode.c.objc; path = NSDictionaryExtensionsUnitTest.m; sourceTree = "<group>"; };
		47C211FB117B2C8A00E28F4B /* FKFunctionCommonTests.m */ = {isa = PBXFileReference; fileEncoding = 4; lastKnownFileType = sourcecode.c.objc; path = FKFunctionCommonTests.m; sourceTree = "<group>"; };
		47C211FC117B2C8A00E28F4B /* FKFunctionTests.m */ = {isa = PBXFileReference; fileEncoding = 4; lastKnownFileType = sourcecode.c.objc; path = FKFunctionTests.m; sourceTree = "<group>"; };
		47C211FD117B2C8A00E28F4B /* FKNewtypeTests.m */ = {isa = PBXFileReference; fileEncoding = 4; lastKnownFileType = sourcecode.c.objc; path = FKNewtypeTests.m; sourceTree = "<group>"; };
		D2AAC07E0554694100DB518D /* libfunctionalkit.a */ = {isa = PBXFileReference; explicitFileType = archive.ar; includeInIndex = 0; path = libfunctionalkit.a; sourceTree = BUILT_PRODUCTS_DIR; };
		E234361C0F6F38B10018BE5D /* README.markdown */ = {isa = PBXFileReference; fileEncoding = 4; lastKnownFileType = text; path = README.markdown; sourceTree = "<group>"; };
		E23DBF6C0F4E2817005C8EDA /* UIKit.framework */ = {isa = PBXFileReference; lastKnownFileType = wrapper.framework; name = UIKit.framework; path = System/Library/Frameworks/UIKit.framework; sourceTree = SDKROOT; };
/* End PBXFileReference section */

/* Begin PBXFrameworksBuildPhase section */
		4720885811D951C400045928 /* Frameworks */ = {
			isa = PBXFrameworksBuildPhase;
			buildActionMask = 2147483647;
			files = (
			);
			runOnlyForDeploymentPostprocessing = 0;
		};
		D2AAC07C0554694100DB518D /* Frameworks */ = {
			isa = PBXFrameworksBuildPhase;
			buildActionMask = 2147483647;
			files = (
				E23DBF6D0F4E2817005C8EDA /* UIKit.framework in Frameworks */,
			);
			runOnlyForDeploymentPostprocessing = 0;
		};
/* End PBXFrameworksBuildPhase section */

/* Begin PBXGroup section */
		034768DFFF38A50411DB9C8B /* Products */ = {
			isa = PBXGroup;
			children = (
				D2AAC07E0554694100DB518D /* libfunctionalkit.a */,
				4720885B11D951C400045928 /* Test.octest */,
			);
			name = Products;
			sourceTree = "<group>";
		};
		0867D691FE84028FC02AAC07 /* functionalkit */ = {
			isa = PBXGroup;
			children = (
				47C211F3117B2C8A00E28F4B /* test */,
				47C21185117B2C7100E28F4B /* src */,
				E234361C0F6F38B10018BE5D /* README.markdown */,
				0867D69AFE84028FC02AAC07 /* Frameworks */,
				034768DFFF38A50411DB9C8B /* Products */,
				479C88B5118FA7BD00C91ED4 /* Prefix.pch */,
				4720885C11D951C400045928 /* Test-Info.plist */,
			);
			name = functionalkit;
			sourceTree = "<group>";
		};
		0867D69AFE84028FC02AAC07 /* Frameworks */ = {
			isa = PBXGroup;
			children = (
				E23DBF6C0F4E2817005C8EDA /* UIKit.framework */,
				0867D69BFE84028FC02AAC07 /* Foundation.framework */,
			);
			name = Frameworks;
			sourceTree = "<group>";
		};
		4720882F11D94EB600045928 /* Products */ = {
			isa = PBXGroup;
			children = (
				47C21193117B2C7100E28F4B /* FKP1.h */,
				47C21194117B2C7100E28F4B /* FKP1.m */,
				47C21195117B2C7100E28F4B /* FKP2.h */,
				47C21196117B2C7100E28F4B /* FKP2.m */,
				47C21197117B2C7100E28F4B /* FKP3.h */,
				47C21198117B2C7100E28F4B /* FKP3.m */,
				47C21199117B2C7100E28F4B /* FKP4.h */,
				47C2119A117B2C7100E28F4B /* FKP4.m */,
				47C2119B117B2C7100E28F4B /* FKP5.h */,
				47C2119C117B2C7100E28F4B /* FKP5.m */,
				47C2119D117B2C7100E28F4B /* FKP6.h */,
				47C2119E117B2C7100E28F4B /* FKP6.m */,
				47C2119F117B2C7100E28F4B /* FKP7.h */,
				47C211A0117B2C7100E28F4B /* FKP7.m */,
				47C211A1117B2C7100E28F4B /* FKP8.h */,
				47C211A2117B2C7100E28F4B /* FKP8.m */,
			);
			name = Products;
			sourceTree = "<group>";
		};
		4720883811D94FD500045928 /* Extensions */ = {
			isa = PBXGroup;
			children = (
				47C211A8117B2C7100E28F4B /* NSArray+FunctionalKit.h */,
				47C211A9117B2C7100E28F4B /* NSArray+FunctionalKit.m */,
				47C211AA117B2C7100E28F4B /* NSDictionary+FunctionalKit.h */,
				47C211AB117B2C7100E28F4B /* NSDictionary+FunctionalKit.m */,
				47C211AC117B2C7100E28F4B /* NSInvocation+FunctionalKit.h */,
				47C211AD117B2C7100E28F4B /* NSInvocation+FunctionalKit.m */,
				47C211AE117B2C7100E28F4B /* NSObject+FunctionalKit.h */,
				47C211AF117B2C7100E28F4B /* NSObject+FunctionalKit.m */,
				47C211B0117B2C7100E28F4B /* NSString+FunctionalKit.h */,
				47C211B1117B2C7100E28F4B /* NSString+FunctionalKit.m */,
			);
			name = Extensions;
			sourceTree = "<group>";
		};
		47C21185117B2C7100E28F4B /* src */ = {
			isa = PBXGroup;
			children = (
				47C21186117B2C7100E28F4B /* FK */,
			);
			path = src;
			sourceTree = "<group>";
		};
		47C21186117B2C7100E28F4B /* FK */ = {
			isa = PBXGroup;
			children = (
				4720883811D94FD500045928 /* Extensions */,
				4720882F11D94EB600045928 /* Products */,
				47C21187117B2C7100E28F4B /* FKEffect.h */,
				47C21188117B2C7100E28F4B /* FKEffect.m */,
				47C21189117B2C7100E28F4B /* FKEither.h */,
				47C2118A117B2C7100E28F4B /* FKEither.m */,
				47C2118B117B2C7100E28F4B /* FKFunction+Common.h */,
				47C2118C117B2C7100E28F4B /* FKFunction+Common.m */,
				47C2118D117B2C7100E28F4B /* FKFunction.h */,
				47C2118E117B2C7100E28F4B /* FKFunction.m */,
				47C2118F117B2C7100E28F4B /* FKMacros.h */,
				47C21190117B2C7100E28F4B /* FKNewtype.h */,
				3B95C082170E1F49008246E7 /* FKNewTypeArc.h */,
				47C21191117B2C7100E28F4B /* FKOption.h */,
				47C21192117B2C7100E28F4B /* FKOption.m */,
				47C211A3117B2C7100E28F4B /* FKPrelude.h */,
				47C211A4117B2C7100E28F4B /* FKPromise.h */,
				47C211A5117B2C7100E28F4B /* FKPromise.m */,
				47C211A6117B2C7100E28F4B /* FKUnit.h */,
				47C211A7117B2C7100E28F4B /* FKUnit.m */,
			);
			path = FK;
			sourceTree = "<group>";
		};
		47C211F3117B2C8A00E28F4B /* test */ = {
			isa = PBXGroup;
			children = (
				47C211F4117B2C8A00E28F4B /* Data */,
				47C211F8117B2C8A00E28F4B /* Extensions */,
				47C211FB117B2C8A00E28F4B /* FKFunctionCommonTests.m */,
				47C211FC117B2C8A00E28F4B /* FKFunctionTests.m */,
				47C211FD117B2C8A00E28F4B /* FKNewtypeTests.m */,
				3B95C083170E2043008246E7 /* FKNewtypeArcTests.m */,
			);
			path = test;
			sourceTree = "<group>";
		};
		47C211F4117B2C8A00E28F4B /* Data */ = {
			isa = PBXGroup;
			children = (
				47C211F5117B2C8A00E28F4B /* FKEitherUnitTest.m */,
				47C211F6117B2C8A00E28F4B /* FKOptionUnitTest.m */,
				47C211F7117B2C8A00E28F4B /* SupplierP1Test.m */,
			);
			path = Data;
			sourceTree = "<group>";
		};
		47C211F8117B2C8A00E28F4B /* Extensions */ = {
			isa = PBXGroup;
			children = (
				47C211F9117B2C8A00E28F4B /* NSArrayExtensionsUnitTest.m */,
				47C211FA117B2C8A00E28F4B /* NSDictionaryExtensionsUnitTest.m */,
			);
			path = Extensions;
			sourceTree = "<group>";
		};
/* End PBXGroup section */

/* Begin PBXHeadersBuildPhase section */
		D2AAC07A0554694100DB518D /* Headers */ = {
			isa = PBXHeadersBuildPhase;
			buildActionMask = 2147483647;
			files = (
				47C211C7117B2C7100E28F4B /* FKEffect.h in Headers */,
				47C211C9117B2C7100E28F4B /* FKEither.h in Headers */,
				47C211CB117B2C7100E28F4B /* FKFunction+Common.h in Headers */,
				47C211CD117B2C7100E28F4B /* FKFunction.h in Headers */,
				47C211CF117B2C7100E28F4B /* FKMacros.h in Headers */,
				47C211D0117B2C7100E28F4B /* FKNewtype.h in Headers */,
				47C211D1117B2C7100E28F4B /* FKOption.h in Headers */,
				47C211D3117B2C7100E28F4B /* FKP1.h in Headers */,
				47C211D5117B2C7100E28F4B /* FKP2.h in Headers */,
				47C211D7117B2C7100E28F4B /* FKP3.h in Headers */,
				47C211D9117B2C7100E28F4B /* FKP4.h in Headers */,
				47C211DB117B2C7100E28F4B /* FKP5.h in Headers */,
				47C211DD117B2C7100E28F4B /* FKP6.h in Headers */,
				47C211DF117B2C7100E28F4B /* FKP7.h in Headers */,
				47C211E1117B2C7100E28F4B /* FKP8.h in Headers */,
				47C211E3117B2C7100E28F4B /* FKPrelude.h in Headers */,
				47C211E4117B2C7100E28F4B /* FKPromise.h in Headers */,
				47C211E6117B2C7100E28F4B /* FKUnit.h in Headers */,
				47C211E8117B2C7100E28F4B /* NSArray+FunctionalKit.h in Headers */,
				47C211EA117B2C7100E28F4B /* NSDictionary+FunctionalKit.h in Headers */,
				47C211EC117B2C7100E28F4B /* NSInvocation+FunctionalKit.h in Headers */,
				47C211EE117B2C7100E28F4B /* NSObject+FunctionalKit.h in Headers */,
				47C211F0117B2C7100E28F4B /* NSString+FunctionalKit.h in Headers */,
				479C88B6118FA7BD00C91ED4 /* Prefix.pch in Headers */,
			);
			runOnlyForDeploymentPostprocessing = 0;
		};
/* End PBXHeadersBuildPhase section */

/* Begin PBXNativeTarget section */
		4720885A11D951C400045928 /* Test */ = {
			isa = PBXNativeTarget;
			buildConfigurationList = 4720885F11D951C500045928 /* Build configuration list for PBXNativeTarget "Test" */;
			buildPhases = (
				4720885611D951C400045928 /* Resources */,
				4720885711D951C400045928 /* Sources */,
				4720885811D951C400045928 /* Frameworks */,
				4720885911D951C400045928 /* ShellScript */,
			);
			buildRules = (
			);
			dependencies = (
			);
			name = Test;
			productName = Test;
			productReference = 4720885B11D951C400045928 /* Test.octest */;
			productType = "com.apple.product-type.bundle";
		};
		D2AAC07D0554694100DB518D /* functionalkit */ = {
			isa = PBXNativeTarget;
			buildConfigurationList = 1DEB921E08733DC00010E9CD /* Build configuration list for PBXNativeTarget "functionalkit" */;
			buildPhases = (
				D2AAC07A0554694100DB518D /* Headers */,
				D2AAC07B0554694100DB518D /* Sources */,
				D2AAC07C0554694100DB518D /* Frameworks */,
			);
			buildRules = (
				471F3F7B0F732D6E0072B7E8 /* PBXBuildRule */,
			);
			dependencies = (
			);
			name = functionalkit;
			productName = functionalkit;
			productReference = D2AAC07E0554694100DB518D /* libfunctionalkit.a */;
			productType = "com.apple.product-type.library.static";
		};
/* End PBXNativeTarget section */

/* Begin PBXProject section */
		0867D690FE84028FC02AAC07 /* Project object */ = {
			isa = PBXProject;
			buildConfigurationList = 1DEB922208733DC00010E9CD /* Build configuration list for PBXProject "functionalkit" */;
			compatibilityVersion = "Xcode 3.1";
			developmentRegion = English;
			hasScannedForEncodings = 1;
			knownRegions = (
				en,
			);
			mainGroup = 0867D691FE84028FC02AAC07 /* functionalkit */;
			productRefGroup = 034768DFFF38A50411DB9C8B /* Products */;
			projectDirPath = "";
			projectRoot = "";
			targets = (
				D2AAC07D0554694100DB518D /* functionalkit */,
				4720885A11D951C400045928 /* Test */,
			);
		};
/* End PBXProject section */

/* Begin PBXResourcesBuildPhase section */
		4720885611D951C400045928 /* Resources */ = {
			isa = PBXResourcesBuildPhase;
			buildActionMask = 2147483647;
			files = (
			);
			runOnlyForDeploymentPostprocessing = 0;
		};
/* End PBXResourcesBuildPhase section */

/* Begin PBXShellScriptBuildPhase section */
		4720885911D951C400045928 /* ShellScript */ = {
			isa = PBXShellScriptBuildPhase;
			buildActionMask = 2147483647;
			files = (
			);
			inputPaths = (
			);
			outputPaths = (
			);
			runOnlyForDeploymentPostprocessing = 0;
			shellPath = /bin/sh;
			shellScript = "# Run the unit tests in this test bundle.\n\"${SYSTEM_DEVELOPER_DIR}/Tools/RunUnitTests\"\n";
		};
/* End PBXShellScriptBuildPhase section */

/* Begin PBXSourcesBuildPhase section */
		4720885711D951C400045928 /* Sources */ = {
			isa = PBXSourcesBuildPhase;
			buildActionMask = 2147483647;
			files = (
				4720886111D951E600045928 /* FKEffect.m in Sources */,
				3B95C085170E20A9008246E7 /* FKNewtypeArcTests.m in Sources */,
				4720886211D951E700045928 /* FKP2.m in Sources */,
				4720886311D951E800045928 /* FKP5.m in Sources */,
				4720886411D951E800045928 /* NSString+FunctionalKit.m in Sources */,
				4720886511D951E900045928 /* FKP8.m in Sources */,
				4720886611D951EB00045928 /* FKFunction.m in Sources */,
				4720886711D951EC00045928 /* FKPromise.m in Sources */,
				4720886811D951EC00045928 /* FKFunction+Common.m in Sources */,
				4720886A11D951EF00045928 /* FKP3.m in Sources */,
				4720886B11D951F000045928 /* FKP6.m in Sources */,
				4720886C11D951F000045928 /* FKEither.m in Sources */,
				4720886D11D951F100045928 /* NSArray+FunctionalKit.m in Sources */,
				4720886E11D951F300045928 /* NSObject+FunctionalKit.m in Sources */,
				4720886F11D951F400045928 /* FKOption.m in Sources */,
				4720887011D951F500045928 /* FKUnit.m in Sources */,
				4720887111D951F700045928 /* FKP1.m in Sources */,
				4720887211D951F800045928 /* NSInvocation+FunctionalKit.m in Sources */,
				4720887311D951F900045928 /* FKP7.m in Sources */,
				4720887411D951FA00045928 /* FKP4.m in Sources */,
				4720887511D951FD00045928 /* NSDictionary+FunctionalKit.m in Sources */,
				4720887F11D9525400045928 /* FKFunctionCommonTests.m in Sources */,
				472088B811D9571200045928 /* FKNewtypeTests.m in Sources */,
				472088B911D9571600045928 /* NSArrayExtensionsUnitTest.m in Sources */,
				472088BA11D9571700045928 /* FKFunctionTests.m in Sources */,
				472088BB11D9571700045928 /* SupplierP1Test.m in Sources */,
				472088BC11D9571800045928 /* FKEitherUnitTest.m in Sources */,
				472088BD11D9571900045928 /* NSDictionaryExtensionsUnitTest.m in Sources */,
				472088BE11D9571A00045928 /* FKOptionUnitTest.m in Sources */,
			);
			runOnlyForDeploymentPostprocessing = 0;
		};
		D2AAC07B0554694100DB518D /* Sources */ = {
			isa = PBXSourcesBuildPhase;
			buildActionMask = 2147483647;
			files = (
				47C211C8117B2C7100E28F4B /* FKEffect.m in Sources */,
				47C211CA117B2C7100E28F4B /* FKEither.m in Sources */,
				47C211CC117B2C7100E28F4B /* FKFunction+Common.m in Sources */,
				47C211CE117B2C7100E28F4B /* FKFunction.m in Sources */,
				47C211D2117B2C7100E28F4B /* FKOption.m in Sources */,
				47C211D4117B2C7100E28F4B /* FKP1.m in Sources */,
				47C211D6117B2C7100E28F4B /* FKP2.m in Sources */,
				47C211D8117B2C7100E28F4B /* FKP3.m in Sources */,
				47C211DA117B2C7100E28F4B /* FKP4.m in Sources */,
				47C211DC117B2C7100E28F4B /* FKP5.m in Sources */,
				47C211DE117B2C7100E28F4B /* FKP6.m in Sources */,
				47C211E0117B2C7100E28F4B /* FKP7.m in Sources */,
				47C211E2117B2C7100E28F4B /* FKP8.m in Sources */,
				47C211E5117B2C7100E28F4B /* FKPromise.m in Sources */,
				47C211E7117B2C7100E28F4B /* FKUnit.m in Sources */,
				47C211E9117B2C7100E28F4B /* NSArray+FunctionalKit.m in Sources */,
				47C211EB117B2C7100E28F4B /* NSDictionary+FunctionalKit.m in Sources */,
				47C211ED117B2C7100E28F4B /* NSInvocation+FunctionalKit.m in Sources */,
				47C211EF117B2C7100E28F4B /* NSObject+FunctionalKit.m in Sources */,
				47C211F1117B2C7100E28F4B /* NSString+FunctionalKit.m in Sources */,
			);
			runOnlyForDeploymentPostprocessing = 0;
		};
/* End PBXSourcesBuildPhase section */

/* Begin XCBuildConfiguration section */
		1DEB921F08733DC00010E9CD /* Debug */ = {
			isa = XCBuildConfiguration;
			buildSettings = {
				ALWAYS_SEARCH_USER_PATHS = NO;
				ARCHS = "$(ARCHS_STANDARD_32_BIT)";
				COPY_PHASE_STRIP = NO;
				GCC_DYNAMIC_NO_PIC = NO;
				GCC_ENABLE_FIX_AND_CONTINUE = YES;
				GCC_MODEL_TUNING = G5;
				GCC_OPTIMIZATION_LEVEL = 0;
				GCC_PRECOMPILE_PREFIX_HEADER = YES;
				INSTALL_PATH = /usr/local/lib;
				ONLY_ACTIVE_ARCH = YES;
				PRODUCT_NAME = functionalkit;
			};
			name = Debug;
		};
		1DEB922008733DC00010E9CD /* Release */ = {
			isa = XCBuildConfiguration;
			buildSettings = {
				ALWAYS_SEARCH_USER_PATHS = NO;
				ARCHS = "$(ARCHS_STANDARD_32_BIT)";
				DEBUG_INFORMATION_FORMAT = "dwarf-with-dsym";
				GCC_MODEL_TUNING = G5;
				GCC_PRECOMPILE_PREFIX_HEADER = YES;
				INSTALL_PATH = /usr/local/lib;
				PRODUCT_NAME = functionalkit;
			};
			name = Release;
		};
		1DEB922308733DC00010E9CD /* Debug */ = {
			isa = XCBuildConfiguration;
			buildSettings = {
				ARCHS = "$(ARCHS_STANDARD_32_BIT)";
				GCC_C_LANGUAGE_STANDARD = c99;
				GCC_OPTIMIZATION_LEVEL = 0;
				GCC_PREFIX_HEADER = "$(SRCROOT)/Prefix.pch";
				GCC_VERSION = "";
				GCC_WARN_ABOUT_RETURN_TYPE = YES;
				GCC_WARN_UNUSED_VARIABLE = YES;
				HEADER_SEARCH_PATHS = src;
				IPHONEOS_DEPLOYMENT_TARGET = 3.0;
				ONLY_ACTIVE_ARCH = YES;
				OTHER_CFLAGS = "-fnested-functions";
				OTHER_CPLUSPLUSFLAGS = "$(OTHER_CFLAGS)";
				OTHER_LDFLAGS = "-ObjC";
				PREBINDING = NO;
				SDKROOT = iphoneos;
			};
			name = Debug;
		};
		1DEB922408733DC00010E9CD /* Release */ = {
			isa = XCBuildConfiguration;
			buildSettings = {
				ARCHS = "$(ARCHS_STANDARD_32_BIT)";
				GCC_C_LANGUAGE_STANDARD = c99;
				GCC_PREFIX_HEADER = "$(SRCROOT)/Prefix.pch";
				GCC_VERSION = "";
				GCC_WARN_ABOUT_RETURN_TYPE = YES;
				GCC_WARN_UNUSED_VARIABLE = YES;
				HEADER_SEARCH_PATHS = src;
				IPHONEOS_DEPLOYMENT_TARGET = 3.0;
				OTHER_LDFLAGS = "-ObjC";
				PREBINDING = NO;
				SDKROOT = iphoneos;
			};
			name = Release;
		};
		4720885D11D951C500045928 /* Debug */ = {
			isa = XCBuildConfiguration;
			buildSettings = {
				ALWAYS_SEARCH_USER_PATHS = NO;
				CLANG_ANALYZER_OBJC_UNUSED_IVARS = NO;
				"CODE_SIGN_IDENTITY[sdk=iphoneos*]" = "";
				COPY_PHASE_STRIP = NO;
				FRAMEWORK_SEARCH_PATHS = (
					"\"$(SDKROOT)/Developer/Library/Frameworks\"",
					"\"$(DEVELOPER_LIBRARY_DIR)/Frameworks\"",
				);
				GCC_DYNAMIC_NO_PIC = NO;
				GCC_ENABLE_FIX_AND_CONTINUE = NO;
				GCC_ENABLE_OBJC_EXCEPTIONS = YES;
				GCC_OPTIMIZATION_LEVEL = 0;
				GCC_WARN_UNUSED_VALUE = NO;
				GCC_WARN_UNUSED_VARIABLE = NO;
				INFOPLIST_FILE = "Test-Info.plist";
				OTHER_LDFLAGS = (
					"-framework",
					Foundation,
					"-framework",
					SenTestingKit,
					"-framework",
					UIKit,
				);
				PREBINDING = NO;
				PRODUCT_NAME = Test;
				WRAPPER_EXTENSION = octest;
			};
			name = Debug;
		};
		4720885E11D951C500045928 /* Release */ = {
			isa = XCBuildConfiguration;
			buildSettings = {
				ALWAYS_SEARCH_USER_PATHS = NO;
				CLANG_ANALYZER_OBJC_UNUSED_IVARS = NO;
				"CODE_SIGN_IDENTITY[sdk=iphoneos*]" = "";
				COPY_PHASE_STRIP = YES;
				DEBUG_INFORMATION_FORMAT = "dwarf-with-dsym";
				FRAMEWORK_SEARCH_PATHS = (
					"\"$(SDKROOT)/Developer/Library/Frameworks\"",
					"\"$(DEVELOPER_LIBRARY_DIR)/Frameworks\"",
				);
				GCC_ENABLE_FIX_AND_CONTINUE = NO;
				GCC_ENABLE_OBJC_EXCEPTIONS = YES;
				GCC_WARN_UNUSED_VALUE = NO;
				GCC_WARN_UNUSED_VARIABLE = NO;
				INFOPLIST_FILE = "Test-Info.plist";
				OTHER_LDFLAGS = (
					"-framework",
					Foundation,
					"-framework",
					SenTestingKit,
					"-framework",
					UIKit,
				);
				PREBINDING = NO;
				PRODUCT_NAME = Test;
				WRAPPER_EXTENSION = octest;
				ZERO_LINK = NO;
			};
			name = Release;
		};
/* End XCBuildConfiguration section */

/* Begin XCConfigurationList section */
		1DEB921E08733DC00010E9CD /* Build configuration list for PBXNativeTarget "functionalkit" */ = {
			isa = XCConfigurationList;
			buildConfigurations = (
				1DEB921F08733DC00010E9CD /* Debug */,
				1DEB922008733DC00010E9CD /* Release */,
			);
			defaultConfigurationIsVisible = 0;
			defaultConfigurationName = Release;
		};
		1DEB922208733DC00010E9CD /* Build configuration list for PBXProject "functionalkit" */ = {
			isa = XCConfigurationList;
			buildConfigurations = (
				1DEB922308733DC00010E9CD /* Debug */,
				1DEB922408733DC00010E9CD /* Release */,
			);
			defaultConfigurationIsVisible = 0;
			defaultConfigurationName = Release;
		};
		4720885F11D951C500045928 /* Build configuration list for PBXNativeTarget "Test" */ = {
			isa = XCConfigurationList;
			buildConfigurations = (
				4720885D11D951C500045928 /* Debug */,
				4720885E11D951C500045928 /* Release */,
			);
			defaultConfigurationIsVisible = 0;
			defaultConfigurationName = Release;
		};
/* End XCConfigurationList section */
	};
	rootObject = 0867D690FE84028FC02AAC07 /* Project object */;
}
